
Microsoft Visual Studio Solution File, Format Version 12.00
# Visual Studio 15
VisualStudioVersion = 15.0.25807.0
MinimumVisualStudioVersion = 10.0.40219.1
Project("{2150E333-8FDC-42A3-9474-1A3956D46DE8}") = "Engine", "Engine", "{35F639A4-DF10-4DDE-87B3-64870F94604D}"
EndProject
Project("{2150E333-8FDC-42A3-9474-1A3956D46DE8}") = "Games", "Games", "{DB540E5D-8916-4E86-80F0-F1B9436570A2}"
EndProject
Project("{8BC9CEB8-8B4A-11D0-8D11-00A0C91BC942}") = "UE4", "Intermediate\ProjectFiles\UE4.vcxproj", "{E34958DF-F80C-429B-882A-26544C3B7B85}"
EndProject
Project("{8BC9CEB8-8B4A-11D0-8D11-00A0C91BC942}") = "unreal4_playground", "Intermediate\ProjectFiles\unreal4_playground.vcxproj", "{417BB2E3-60C1-432F-BD39-BFA734C73177}"
EndProject
Project("{2150E333-8FDC-42A3-9474-1A3956D46DE8}") = "Visualizers", "Visualizers", "{6FB1D860-F6DE-47C6-9297-73546EBE8234}"
	ProjectSection(SolutionItems) = preProject
		C:\Program Files\Epic Games\UE_4.23\Engine\Extras\VisualStudioDebugging\UE4.natvis = C:\Program Files\Epic Games\UE_4.23\Engine\Extras\VisualStudioDebugging\UE4.natvis
	EndProjectSection
EndProject
Global
	GlobalSection(SolutionConfigurationPlatforms) = preSolution
		DebugGame Editor|HTML5 = DebugGame Editor|HTML5
		DebugGame Editor|Win32 = DebugGame Editor|Win32
		DebugGame Editor|Win64 = DebugGame Editor|Win64
		DebugGame|HTML5 = DebugGame|HTML5
		DebugGame|Win32 = DebugGame|Win32
		DebugGame|Win64 = DebugGame|Win64
		Development Editor|HTML5 = Development Editor|HTML5
		Development Editor|Win32 = Development Editor|Win32
		Development Editor|Win64 = Development Editor|Win64
		Development|HTML5 = Development|HTML5
		Development|Win32 = Development|Win32
		Development|Win64 = Development|Win64
		Shipping|HTML5 = Shipping|HTML5
		Shipping|Win32 = Shipping|Win32
		Shipping|Win64 = Shipping|Win64
	EndGlobalSection
	GlobalSection(ProjectConfigurationPlatforms) = postSolution
		{E34958DF-F80C-429B-882A-26544C3B7B85}.DebugGame Editor|HTML5.ActiveCfg = BuiltWithUnrealBuildTool|Win32
		{E34958DF-F80C-429B-882A-26544C3B7B85}.DebugGame Editor|Win32.ActiveCfg = BuiltWithUnrealBuildTool|Win32
		{E34958DF-F80C-429B-882A-26544C3B7B85}.DebugGame Editor|Win64.ActiveCfg = BuiltWithUnrealBuildTool|Win32
		{E34958DF-F80C-429B-882A-26544C3B7B85}.DebugGame|HTML5.ActiveCfg = BuiltWithUnrealBuildTool|Win32
		{E34958DF-F80C-429B-882A-26544C3B7B85}.DebugGame|Win32.ActiveCfg = BuiltWithUnrealBuildTool|Win32
		{E34958DF-F80C-429B-882A-26544C3B7B85}.DebugGame|Win64.ActiveCfg = BuiltWithUnrealBuildTool|Win32
		{E34958DF-F80C-429B-882A-26544C3B7B85}.Development Editor|HTML5.ActiveCfg = BuiltWithUnrealBuildTool|Win32
		{E34958DF-F80C-429B-882A-26544C3B7B85}.Development Editor|Win32.ActiveCfg = BuiltWithUnrealBuildTool|Win32
		{E34958DF-F80C-429B-882A-26544C3B7B85}.Development Editor|Win64.ActiveCfg = BuiltWithUnrealBuildTool|Win32
		{E34958DF-F80C-429B-882A-26544C3B7B85}.Development|HTML5.ActiveCfg = BuiltWithUnrealBuildTool|Win32
		{E34958DF-F80C-429B-882A-26544C3B7B85}.Development|Win32.ActiveCfg = BuiltWithUnrealBuildTool|Win32
		{E34958DF-F80C-429B-882A-26544C3B7B85}.Development|Win64.ActiveCfg = BuiltWithUnrealBuildTool|Win32
		{E34958DF-F80C-429B-882A-26544C3B7B85}.Shipping|HTML5.ActiveCfg = BuiltWithUnrealBuildTool|Win32
		{E34958DF-F80C-429B-882A-26544C3B7B85}.Shipping|Win32.ActiveCfg = BuiltWithUnrealBuildTool|Win32
		{E34958DF-F80C-429B-882A-26544C3B7B85}.Shipping|Win64.ActiveCfg = BuiltWithUnrealBuildTool|Win32
		{417BB2E3-60C1-432F-BD39-BFA734C73177}.DebugGame Editor|HTML5.ActiveCfg = Invalid|Win32
		{417BB2E3-60C1-432F-BD39-BFA734C73177}.DebugGame Editor|Win32.ActiveCfg = Invalid|Win32
		{417BB2E3-60C1-432F-BD39-BFA734C73177}.DebugGame Editor|Win64.ActiveCfg = DebugGame_Editor|x64
		{417BB2E3-60C1-432F-BD39-BFA734C73177}.DebugGame Editor|Win64.Build.0 = DebugGame_Editor|x64
		{417BB2E3-60C1-432F-BD39-BFA734C73177}.DebugGame|HTML5.ActiveCfg = HTML5_DebugGame|Win32
		{417BB2E3-60C1-432F-BD39-BFA734C73177}.DebugGame|HTML5.Build.0 = HTML5_DebugGame|Win32
		{417BB2E3-60C1-432F-BD39-BFA734C73177}.DebugGame|Win32.ActiveCfg = DebugGame|Win32
		{417BB2E3-60C1-432F-BD39-BFA734C73177}.DebugGame|Win32.Build.0 = DebugGame|Win32
		{417BB2E3-60C1-432F-BD39-BFA734C73177}.DebugGame|Win64.ActiveCfg = DebugGame|x64
		{417BB2E3-60C1-432F-BD39-BFA734C73177}.DebugGame|Win64.Build.0 = DebugGame|x64
		{417BB2E3-60C1-432F-BD39-BFA734C73177}.Development Editor|HTML5.ActiveCfg = Invalid|Win32
		{417BB2E3-60C1-432F-BD39-BFA734C73177}.Development Editor|Win32.ActiveCfg = Invalid|Win32
		{417BB2E3-60C1-432F-BD39-BFA734C73177}.Development Editor|Win64.ActiveCfg = Development_Editor|x64
		{417BB2E3-60C1-432F-BD39-BFA734C73177}.Development Editor|Win64.Build.0 = Development_Editor|x64
		{417BB2E3-60C1-432F-BD39-BFA734C73177}.Development|HTML5.ActiveCfg = HTML5_Development|Win32
		{417BB2E3-60C1-432F-BD39-BFA734C73177}.Development|HTML5.Build.0 = HTML5_Development|Win32
		{417BB2E3-60C1-432F-BD39-BFA734C73177}.Development|Win32.ActiveCfg = Development|Win32
		{417BB2E3-60C1-432F-BD39-BFA734C73177}.Development|Win32.Build.0 = Development|Win32
		{417BB2E3-60C1-432F-BD39-BFA734C73177}.Development|Win64.ActiveCfg = Development|x64
		{417BB2E3-60C1-432F-BD39-BFA734C73177}.Development|Win64.Build.0 = Development|x64
		{417BB2E3-60C1-432F-BD39-BFA734C73177}.Shipping|HTML5.ActiveCfg = HTML5_Shipping|Win32
		{417BB2E3-60C1-432F-BD39-BFA734C73177}.Shipping|HTML5.Build.0 = HTML5_Shipping|Win32
		{417BB2E3-60C1-432F-BD39-BFA734C73177}.Shipping|Win32.ActiveCfg = Shipping|Win32
		{417BB2E3-60C1-432F-BD39-BFA734C73177}.Shipping|Win32.Build.0 = Shipping|Win32
		{417BB2E3-60C1-432F-BD39-BFA734C73177}.Shipping|Win64.ActiveCfg = Shipping|x64
		{417BB2E3-60C1-432F-BD39-BFA734C73177}.Shipping|Win64.Build.0 = Shipping|x64
	EndGlobalSection
	GlobalSection(SolutionProperties) = preSolution
		HideSolutionNode = FALSE
	EndGlobalSection
	GlobalSection(NestedProjects) = preSolution
		{E34958DF-F80C-429B-882A-26544C3B7B85} = {35F639A4-DF10-4DDE-87B3-64870F94604D}
		{417BB2E3-60C1-432F-BD39-BFA734C73177} = {DB540E5D-8916-4E86-80F0-F1B9436570A2}
	EndGlobalSection
EndGlobal
